
Microsoft Visual Studio Solution File, Format Version 12.00
# Visual Studio Version 16
VisualStudioVersion = 16.0.29209.152
MinimumVisualStudioVersion = 10.0.40219.1
Project("{FAE04EC0-301F-11D3-BF4B-00C04F79EFBC}") = "SKS", "SKS.csproj", "{C353961D-1346-405F-936E-6600BE2BC81D}"
EndProject
Global
	GlobalSection(SolutionConfigurationPlatforms) = preSolution
		Debug|Any CPU = Debug|Any CPU
		Release|Any CPU = Release|Any CPU
	EndGlobalSection
	GlobalSection(ProjectConfigurationPlatforms) = postSolution
		{C353961D-1346-405F-936E-6600BE2BC81D}.Debug|Any CPU.ActiveCfg = Debug|Any CPU
		{C353961D-1346-405F-936E-6600BE2BC81D}.Debug|Any CPU.Build.0 = Debug|Any CPU
		{C353961D-1346-405F-936E-6600BE2BC81D}.Release|Any CPU.ActiveCfg = Release|Any CPU
		{C353961D-1346-405F-936E-6600BE2BC81D}.Release|Any CPU.Build.0 = Release|Any CPU
	EndGlobalSection
	GlobalSection(SolutionProperties) = preSolution
		HideSolutionNode = FALSE
	EndGlobalSection
	GlobalSection(ExtensibilityGlobals) = postSolution
		SolutionGuid = {56D2080A-7CCB-449F-84F7-B4078F6F1BF9}
	EndGlobalSection
EndGlobal
